
Microsoft Visual Studio Solution File, Format Version 12.00
# Visual Studio 14
VisualStudioVersion = 14.0.25420.1
MinimumVisualStudioVersion = 10.0.40219.1
Project("{FAE04EC0-301F-11D3-BF4B-00C04F79EFBC}") = "Ejercicio_6", "Ejercicio_6\Ejercicio_6.csproj", "{36FEB491-D8D4-417D-AAE5-1B55830D4FC2}"
EndProject
Project("{FAE04EC0-301F-11D3-BF4B-00C04F79EFBC}") = "Ejercicio_7", "Ejercicio_7\Ejercicio_7.csproj", "{6639EDA9-E9EC-4CEB-8872-CD6E3EFA239A}"
EndProject
Project("{FAE04EC0-301F-11D3-BF4B-00C04F79EFBC}") = "Ejercicio_8", "Ejercicio_8\Ejercicio_8.csproj", "{E4FFEE3D-7A32-499D-9973-BCB445E213B9}"
EndProject
Global
	GlobalSection(SolutionConfigurationPlatforms) = preSolution
		Debug|Any CPU = Debug|Any CPU
		Release|Any CPU = Release|Any CPU
	EndGlobalSection
	GlobalSection(ProjectConfigurationPlatforms) = postSolution
		{36FEB491-D8D4-417D-AAE5-1B55830D4FC2}.Debug|Any CPU.ActiveCfg = Debug|Any CPU
		{36FEB491-D8D4-417D-AAE5-1B55830D4FC2}.Debug|Any CPU.Build.0 = Debug|Any CPU
		{36FEB491-D8D4-417D-AAE5-1B55830D4FC2}.Release|Any CPU.ActiveCfg = Release|Any CPU
		{36FEB491-D8D4-417D-AAE5-1B55830D4FC2}.Release|Any CPU.Build.0 = Release|Any CPU
		{6639EDA9-E9EC-4CEB-8872-CD6E3EFA239A}.Debug|Any CPU.ActiveCfg = Debug|Any CPU
		{6639EDA9-E9EC-4CEB-8872-CD6E3EFA239A}.Debug|Any CPU.Build.0 = Debug|Any CPU
		{6639EDA9-E9EC-4CEB-8872-CD6E3EFA239A}.Release|Any CPU.ActiveCfg = Release|Any CPU
		{6639EDA9-E9EC-4CEB-8872-CD6E3EFA239A}.Release|Any CPU.Build.0 = Release|Any CPU
		{E4FFEE3D-7A32-499D-9973-BCB445E213B9}.Debug|Any CPU.ActiveCfg = Debug|Any CPU
		{E4FFEE3D-7A32-499D-9973-BCB445E213B9}.Debug|Any CPU.Build.0 = Debug|Any CPU
		{E4FFEE3D-7A32-499D-9973-BCB445E213B9}.Release|Any CPU.ActiveCfg = Release|Any CPU
		{E4FFEE3D-7A32-499D-9973-BCB445E213B9}.Release|Any CPU.Build.0 = Release|Any CPU
	EndGlobalSection
	GlobalSection(SolutionProperties) = preSolution
		HideSolutionNode = FALSE
	EndGlobalSection
EndGlobal
